
Microsoft Visual Studio Solution File, Format Version 12.00
# Visual Studio Version 17
VisualStudioVersion = 17.11.35222.181
MinimumVisualStudioVersion = 10.0.40219.1
Project("{FAE04EC0-301F-11D3-BF4B-00C04F79EFBC}") = "GuitarApp", "GuitarApp\GuitarApp.csproj", "{8A398693-0292-4737-A928-F2B5C0DBDFDF}"
EndProject
Global
	GlobalSection(SolutionConfigurationPlatforms) = preSolution
		Debug|Any CPU = Debug|Any CPU
		Release|Any CPU = Release|Any CPU
	EndGlobalSection
	GlobalSection(ProjectConfigurationPlatforms) = postSolution
		{8A398693-0292-4737-A928-F2B5C0DBDFDF}.Debug|Any CPU.ActiveCfg = Debug|Any CPU
		{8A398693-0292-4737-A928-F2B5C0DBDFDF}.Debug|Any CPU.Build.0 = Debug|Any CPU
		{8A398693-0292-4737-A928-F2B5C0DBDFDF}.Release|Any CPU.ActiveCfg = Release|Any CPU
		{8A398693-0292-4737-A928-F2B5C0DBDFDF}.Release|Any CPU.Build.0 = Release|Any CPU
	EndGlobalSection
	GlobalSection(SolutionProperties) = preSolution
		HideSolutionNode = FALSE
	EndGlobalSection
	GlobalSection(ExtensibilityGlobals) = postSolution
		SolutionGuid = {B3DC2FE5-7541-4486-81B8-6D3AB9EC7139}
	EndGlobalSection
EndGlobal
